
Microsoft Visual Studio Solution File, Format Version 12.00
# Visual Studio Version 17
VisualStudioVersion = 17.9.34622.214
MinimumVisualStudioVersion = 10.0.40219.1
Project("{FAE04EC0-301F-11D3-BF4B-00C04F79EFBC}") = "Windows-Autopilot-Companion", "Windows-Autopilot-Companion\Windows-Autopilot-Companion.csproj", "{F7D779F4-27D4-47FA-B62C-17061B213F33}"
EndProject
Global
	GlobalSection(SolutionConfigurationPlatforms) = preSolution
		Debug|Any CPU = Debug|Any CPU
		Release|Any CPU = Release|Any CPU
	EndGlobalSection
	GlobalSection(ProjectConfigurationPlatforms) = postSolution
		{F7D779F4-27D4-47FA-B62C-17061B213F33}.Debug|Any CPU.ActiveCfg = Debug|Any CPU
		{F7D779F4-27D4-47FA-B62C-17061B213F33}.Debug|Any CPU.Build.0 = Debug|Any CPU
		{F7D779F4-27D4-47FA-B62C-17061B213F33}.Debug|Any CPU.Deploy.0 = Debug|Any CPU
		{F7D779F4-27D4-47FA-B62C-17061B213F33}.Release|Any CPU.ActiveCfg = Release|Any CPU
		{F7D779F4-27D4-47FA-B62C-17061B213F33}.Release|Any CPU.Build.0 = Release|Any CPU
		{F7D779F4-27D4-47FA-B62C-17061B213F33}.Release|Any CPU.Deploy.0 = Release|Any CPU
	EndGlobalSection
	GlobalSection(SolutionProperties) = preSolution
		HideSolutionNode = FALSE
	EndGlobalSection
	GlobalSection(ExtensibilityGlobals) = postSolution
		SolutionGuid = {9ECCD2E7-5C87-4AFA-B2EA-22B15B327096}
	EndGlobalSection
EndGlobal
